{
    "_meta": {
        "hash": {
            "sha256": "05006fd168089a5c8cb323a1c6324837472d3f79fbde40631415d861d4802000"
        },
        "pipfile-spec": 6,
        "requires": {
            "python_version": "3.10.3"
        },
        "sources": [
            {
                "name": "pypi",
                "url": "https://pypi.python.org/simple",
                "verify_ssl": true
            }
        ]
    },
    "default": {
        "setuptools": {
            "hashes": [
                "sha256:0d33c374d41c7863419fc8f6c10bfe25b7b498aa34164d135c622e52580c6b16",
                "sha256:c04b44a57a6265fe34a4a444e965884716d34bae963119a76353434d6f18e450"
            ],
            "index": "pypi",
            "version": "==63.2.0"
        }
    },
    "develop": {
        "setuptools": {
            "hashes": [
                "sha256:0d33c374d41c7863419fc8f6c10bfe25b7b498aa34164d135c622e52580c6b16",
                "sha256:c04b44a57a6265fe34a4a444e965884716d34bae963119a76353434d6f18e450"
            ],
            "index": "pypi",
            "version": "==63.2.0"
        }
    }
}
